// !$*UTF8*$!
{
	archiveVersion = 1;
	classes = {
	};
	objectVersion = 77;
	objects = {

/* Begin PBXBuildFile section */
		03B40056430423E0BFE268F0 /* entitlements.plist in Resources */ = {isa = PBXBuildFile; fileRef = 84307CA447EFAED5C2640B91 /* entitlements.plist */; };
		3F7C9B321A69EDEC341D5A10 /* vhid.log in Resources */ = {isa = PBXBuildFile; fileRef = 9700255AECDAB1921B7FAE70 /* vhid.log */; };
		949445DCF9468AF520DF10A3 /* main.m in Sources */ = {isa = PBXBuildFile; fileRef = 4B987FA484FDF59CE019658D /* main.m */; };
		9A3B01AA80475BB6D2DF8D60 /* vhid2.log in Resources */ = {isa = PBXBuildFile; fileRef = 6EFC68E06049445220F2D6B0 /* vhid2.log */; };
/* End PBXBuildFile section */

/* Begin PBXFileReference section */
		4B987FA484FDF59CE019658D /* main.m */ = {isa = PBXFileReference; lastKnownFileType = sourcecode.c.objc; path = main.m; sourceTree = "<group>"; };
		554EBD00D2552442873357E3 /* AgentMicroVHidMac.app */ = {isa = PBXFileReference; explicitFileType = wrapper.application; includeInIndex = 0; path = AgentMicroVHidMac.app; sourceTree = BUILT_PRODUCTS_DIR; };
		6EFC68E06049445220F2D6B0 /* vhid2.log */ = {isa = PBXFileReference; path = vhid2.log; sourceTree = "<group>"; };
		84307CA447EFAED5C2640B91 /* entitlements.plist */ = {isa = PBXFileReference; lastKnownFileType = text.plist; path = entitlements.plist; sourceTree = "<group>"; };
		9700255AECDAB1921B7FAE70 /* vhid.log */ = {isa = PBXFileReference; path = vhid.log; sourceTree = "<group>"; };
		98B619E8CAF3C7341EBF9370 /* vhid2 */ = {isa = PBXFileReference; path = vhid2; sourceTree = "<group>"; };
		ACB6792369E6066E02E98618 /* vhid */ = {isa = PBXFileReference; path = vhid; sourceTree = "<group>"; };
/* End PBXFileReference section */

/* Begin PBXGroup section */
		0B96C084CA68BEBA930EC59C /* AgentMicroVHid */ = {
			isa = PBXGroup;
			children = (
				84307CA447EFAED5C2640B91 /* entitlements.plist */,
				4B987FA484FDF59CE019658D /* main.m */,
				ACB6792369E6066E02E98618 /* vhid */,
				9700255AECDAB1921B7FAE70 /* vhid.log */,
				98B619E8CAF3C7341EBF9370 /* vhid2 */,
				6EFC68E06049445220F2D6B0 /* vhid2.log */,
			);
			name = AgentMicroVHid;
			path = ../AgentMicroVHid;
			sourceTree = "<group>";
		};
		432ECE00B6A009FE0D46370A /* Products */ = {
			isa = PBXGroup;
			children = (
				554EBD00D2552442873357E3 /* AgentMicroVHidMac.app */,
			);
			name = Products;
			sourceTree = "<group>";
		};
		C1D1C8BFEA871D5597820ECB = {
			isa = PBXGroup;
			children = (
				0B96C084CA68BEBA930EC59C /* AgentMicroVHid */,
				432ECE00B6A009FE0D46370A /* Products */,
			);
			sourceTree = "<group>";
		};
/* End PBXGroup section */

/* Begin PBXNativeTarget section */
		7A2D75673C37954ACF8F1894 /* AgentMicroVHidMac */ = {
			isa = PBXNativeTarget;
			buildConfigurationList = 8763A68B5869B9A3236C9905 /* Build configuration list for PBXNativeTarget "AgentMicroVHidMac" */;
			buildPhases = (
				BECA91692C405E550DEA2702 /* Sources */,
				29AD8E897DB14F46ECEA0C75 /* Resources */,
			);
			buildRules = (
			);
			dependencies = (
			);
			name = AgentMicroVHidMac;
			packageProductDependencies = (
			);
			productName = AgentMicroVHidMac;
			productReference = 554EBD00D2552442873357E3 /* AgentMicroVHidMac.app */;
			productType = "com.apple.product-type.application";
		};
/* End PBXNativeTarget section */

/* Begin PBXProject section */
		69D4E3066F63464FE22DE988 /* Project object */ = {
			isa = PBXProject;
			attributes = {
				BuildIndependentTargetsInParallel = YES;
				LastUpgradeCheck = 1430;
				TargetAttributes = {
					7A2D75673C37954ACF8F1894 = {
						DevelopmentTeam = Q6TQ7WFCK5;
						ProvisioningStyle = Automatic;
					};
				};
			};
			buildConfigurationList = 1F430D2DCCFC05C088C27BDF /* Build configuration list for PBXProject "AgentMicroVHidMac" */;
			developmentRegion = en;
			hasScannedForEncodings = 0;
			knownRegions = (
				Base,
				en,
			);
			mainGroup = C1D1C8BFEA871D5597820ECB;
			minimizedProjectReferenceProxies = 1;
			preferredProjectObjectVersion = 77;
			productRefGroup = 432ECE00B6A009FE0D46370A /* Products */;
			projectDirPath = "";
			projectRoot = "";
			targets = (
				7A2D75673C37954ACF8F1894 /* AgentMicroVHidMac */,
			);
		};
/* End PBXProject section */

/* Begin PBXResourcesBuildPhase section */
		29AD8E897DB14F46ECEA0C75 /* Resources */ = {
			isa = PBXResourcesBuildPhase;
			buildActionMask = 2147483647;
			files = (
				03B40056430423E0BFE268F0 /* entitlements.plist in Resources */,
				3F7C9B321A69EDEC341D5A10 /* vhid.log in Resources */,
				9A3B01AA80475BB6D2DF8D60 /* vhid2.log in Resources */,
			);
			runOnlyForDeploymentPostprocessing = 0;
		};
/* End PBXResourcesBuildPhase section */

/* Begin PBXSourcesBuildPhase section */
		BECA91692C405E550DEA2702 /* Sources */ = {
			isa = PBXSourcesBuildPhase;
			buildActionMask = 2147483647;
			files = (
				949445DCF9468AF520DF10A3 /* main.m in Sources */,
			);
			runOnlyForDeploymentPostprocessing = 0;
		};
/* End PBXSourcesBuildPhase section */

/* Begin XCBuildConfiguration section */
		21C897DED040850439FEC35E /* Release */ = {
			isa = XCBuildConfiguration;
			buildSettings = {
				ALWAYS_SEARCH_USER_PATHS = NO;
				CLANG_ANALYZER_NONNULL = YES;
				CLANG_ANALYZER_NUMBER_OBJECT_CONVERSION = YES_AGGRESSIVE;
				CLANG_CXX_LANGUAGE_STANDARD = "gnu++14";
				CLANG_CXX_LIBRARY = "libc++";
				CLANG_ENABLE_MODULES = YES;
				CLANG_ENABLE_OBJC_ARC = YES;
				CLANG_ENABLE_OBJC_WEAK = YES;
				CLANG_WARN_BLOCK_CAPTURE_AUTORELEASING = YES;
				CLANG_WARN_BOOL_CONVERSION = YES;
				CLANG_WARN_COMMA = YES;
				CLANG_WARN_CONSTANT_CONVERSION = YES;
				CLANG_WARN_DEPRECATED_OBJC_IMPLEMENTATIONS = YES;
				CLANG_WARN_DIRECT_OBJC_ISA_USAGE = YES_ERROR;
				CLANG_WARN_DOCUMENTATION_COMMENTS = YES;
				CLANG_WARN_EMPTY_BODY = YES;
				CLANG_WARN_ENUM_CONVERSION = YES;
				CLANG_WARN_INFINITE_RECURSION = YES;
				CLANG_WARN_INT_CONVERSION = YES;
				CLANG_WARN_NON_LITERAL_NULL_CONVERSION = YES;
				CLANG_WARN_OBJC_IMPLICIT_RETAIN_SELF = YES;
				CLANG_WARN_OBJC_LITERAL_CONVERSION = YES;
				CLANG_WARN_OBJC_ROOT_CLASS = YES_ERROR;
				CLANG_WARN_QUOTED_INCLUDE_IN_FRAMEWORK_HEADER = YES;
				CLANG_WARN_RANGE_LOOP_ANALYSIS = YES;
				CLANG_WARN_STRICT_PROTOTYPES = YES;
				CLANG_WARN_SUSPICIOUS_MOVE = YES;
				CLANG_WARN_UNGUARDED_AVAILABILITY = YES_AGGRESSIVE;
				CLANG_WARN_UNREACHABLE_CODE = YES;
				CLANG_WARN__DUPLICATE_METHOD_MATCH = YES;
				COPY_PHASE_STRIP = NO;
				DEBUG_INFORMATION_FORMAT = "dwarf-with-dsym";
				ENABLE_NS_ASSERTIONS = NO;
				ENABLE_STRICT_OBJC_MSGSEND = YES;
				GCC_C_LANGUAGE_STANDARD = gnu11;
				GCC_NO_COMMON_BLOCKS = YES;
				GCC_WARN_64_TO_32_BIT_CONVERSION = YES;
				GCC_WARN_ABOUT_RETURN_TYPE = YES_ERROR;
				GCC_WARN_UNDECLARED_SELECTOR = YES;
				GCC_WARN_UNINITIALIZED_AUTOS = YES_AGGRESSIVE;
				GCC_WARN_UNUSED_FUNCTION = YES;
				GCC_WARN_UNUSED_VARIABLE = YES;
				MACOSX_DEPLOYMENT_TARGET = 14.0;
				MTL_ENABLE_DEBUG_INFO = NO;
				MTL_FAST_MATH = YES;
				PRODUCT_NAME = "$(TARGET_NAME)";
				SDKROOT = macosx;
				SWIFT_COMPILATION_MODE = wholemodule;
				SWIFT_OPTIMIZATION_LEVEL = "-O";
				SWIFT_VERSION = 5.0;
			};
			name = Release;
		};
		3166B2697B033797DF3B9BC8 /* Debug */ = {
			isa = XCBuildConfiguration;
			buildSettings = {
				ASSETCATALOG_COMPILER_APPICON_NAME = AppIcon;
				CODE_SIGN_ENTITLEMENTS = Support/entitlements.mac.plist;
				CODE_SIGN_STYLE = Automatic;
				COMBINE_HIDPI_IMAGES = YES;
				DEVELOPMENT_TEAM = Q6TQ7WFCK5;
				INFOPLIST_FILE = Support/InfoMac.plist;
				LD_RUNPATH_SEARCH_PATHS = (
					"$(inherited)",
					"@executable_path/../Frameworks",
				);
				PRODUCT_BUNDLE_IDENTIFIER = io.github.thislev.codexmicrovhidmac;
				SDKROOT = macosx;
			};
			name = Debug;
		};
		88C0D174B0AE39F6697BCC25 /* Release */ = {
			isa = XCBuildConfiguration;
			buildSettings = {
				ASSETCATALOG_COMPILER_APPICON_NAME = AppIcon;
				CODE_SIGN_ENTITLEMENTS = Support/entitlements.mac.plist;
				CODE_SIGN_STYLE = Automatic;
				COMBINE_HIDPI_IMAGES = YES;
				DEVELOPMENT_TEAM = Q6TQ7WFCK5;
				INFOPLIST_FILE = Support/InfoMac.plist;
				LD_RUNPATH_SEARCH_PATHS = (
					"$(inherited)",
					"@executable_path/../Frameworks",
				);
				PRODUCT_BUNDLE_IDENTIFIER = io.github.thislev.codexmicrovhidmac;
				SDKROOT = macosx;
			};
			name = Release;
		};
		C8E79FA3240BFE0CC2DBF148 /* Debug */ = {
			isa = XCBuildConfiguration;
			buildSettings = {
				ALWAYS_SEARCH_USER_PATHS = NO;
				CLANG_ANALYZER_NONNULL = YES;
				CLANG_ANALYZER_NUMBER_OBJECT_CONVERSION = YES_AGGRESSIVE;
				CLANG_CXX_LANGUAGE_STANDARD = "gnu++14";
				CLANG_CXX_LIBRARY = "libc++";
				CLANG_ENABLE_MODULES = YES;
				CLANG_ENABLE_OBJC_ARC = YES;
				CLANG_ENABLE_OBJC_WEAK = YES;
				CLANG_WARN_BLOCK_CAPTURE_AUTORELEASING = YES;
				CLANG_WARN_BOOL_CONVERSION = YES;
				CLANG_WARN_COMMA = YES;
				CLANG_WARN_CONSTANT_CONVERSION = YES;
				CLANG_WARN_DEPRECATED_OBJC_IMPLEMENTATIONS = YES;
				CLANG_WARN_DIRECT_OBJC_ISA_USAGE = YES_ERROR;
				CLANG_WARN_DOCUMENTATION_COMMENTS = YES;
				CLANG_WARN_EMPTY_BODY = YES;
				CLANG_WARN_ENUM_CONVERSION = YES;
				CLANG_WARN_INFINITE_RECURSION = YES;
				CLANG_WARN_INT_CONVERSION = YES;
				CLANG_WARN_NON_LITERAL_NULL_CONVERSION = YES;
				CLANG_WARN_OBJC_IMPLICIT_RETAIN_SELF = YES;
				CLANG_WARN_OBJC_LITERAL_CONVERSION = YES;
				CLANG_WARN_OBJC_ROOT_CLASS = YES_ERROR;
				CLANG_WARN_QUOTED_INCLUDE_IN_FRAMEWORK_HEADER = YES;
				CLANG_WARN_RANGE_LOOP_ANALYSIS = YES;
				CLANG_WARN_STRICT_PROTOTYPES = YES;
				CLANG_WARN_SUSPICIOUS_MOVE = YES;
				CLANG_WARN_UNGUARDED_AVAILABILITY = YES_AGGRESSIVE;
				CLANG_WARN_UNREACHABLE_CODE = YES;
				CLANG_WARN__DUPLICATE_METHOD_MATCH = YES;
				COPY_PHASE_STRIP = NO;
				DEBUG_INFORMATION_FORMAT = dwarf;
				ENABLE_STRICT_OBJC_MSGSEND = YES;
				ENABLE_TESTABILITY = YES;
				GCC_C_LANGUAGE_STANDARD = gnu11;
				GCC_DYNAMIC_NO_PIC = NO;
				GCC_NO_COMMON_BLOCKS = YES;
				GCC_OPTIMIZATION_LEVEL = 0;
				GCC_PREPROCESSOR_DEFINITIONS = (
					"$(inherited)",
					"DEBUG=1",
				);
				GCC_WARN_64_TO_32_BIT_CONVERSION = YES;
				GCC_WARN_ABOUT_RETURN_TYPE = YES_ERROR;
				GCC_WARN_UNDECLARED_SELECTOR = YES;
				GCC_WARN_UNINITIALIZED_AUTOS = YES_AGGRESSIVE;
				GCC_WARN_UNUSED_FUNCTION = YES;
				GCC_WARN_UNUSED_VARIABLE = YES;
				MACOSX_DEPLOYMENT_TARGET = 14.0;
				MTL_ENABLE_DEBUG_INFO = INCLUDE_SOURCE;
				MTL_FAST_MATH = YES;
				ONLY_ACTIVE_ARCH = YES;
				PRODUCT_NAME = "$(TARGET_NAME)";
				SDKROOT = macosx;
				SWIFT_ACTIVE_COMPILATION_CONDITIONS = DEBUG;
				SWIFT_OPTIMIZATION_LEVEL = "-Onone";
				SWIFT_VERSION = 5.0;
			};
			name = Debug;
		};
/* End XCBuildConfiguration section */

/* Begin XCConfigurationList section */
		1F430D2DCCFC05C088C27BDF /* Build configuration list for PBXProject "AgentMicroVHidMac" */ = {
			isa = XCConfigurationList;
			buildConfigurations = (
				C8E79FA3240BFE0CC2DBF148 /* Debug */,
				21C897DED040850439FEC35E /* Release */,
			);
			defaultConfigurationIsVisible = 0;
			defaultConfigurationName = Debug;
		};
		8763A68B5869B9A3236C9905 /* Build configuration list for PBXNativeTarget "AgentMicroVHidMac" */ = {
			isa = XCConfigurationList;
			buildConfigurations = (
				3166B2697B033797DF3B9BC8 /* Debug */,
				88C0D174B0AE39F6697BCC25 /* Release */,
			);
			defaultConfigurationIsVisible = 0;
			defaultConfigurationName = Debug;
		};
/* End XCConfigurationList section */
	};
	rootObject = 69D4E3066F63464FE22DE988 /* Project object */;
}
