// !$*UTF8*$!
{
	archiveVersion = 1;
	classes = {
	};
	objectVersion = 77;
	objects = {

/* Begin PBXBuildFile section */
		07AAD8A0248D7078F9D279B8 /* ConnectionRail.swift in Sources */ = {isa = PBXBuildFile; fileRef = F212507127347C834AEDDC4F /* ConnectionRail.swift */; };
		2AA9DF0186A6FFA432C066A1 /* Assets.xcassets in Resources */ = {isa = PBXBuildFile; fileRef = 28F122B79DFD86B9FCFD620F /* Assets.xcassets */; };
		3BA22575E38FC1DAE8DED8EB /* MenuPopoverView.swift in Sources */ = {isa = PBXBuildFile; fileRef = 014BFF73CA6C942657877EA0 /* MenuPopoverView.swift */; };
		4195FF7DF7A79637F0F62883 /* LegacyMigrationManager.swift in Sources */ = {isa = PBXBuildFile; fileRef = 7B6CBEE697B802B2C8088607 /* LegacyMigrationManager.swift */; };
		49A7A95E139B787E0C6AD170 /* T3Backend.swift in Sources */ = {isa = PBXBuildFile; fileRef = 7A085D7212F237952EA32941 /* T3Backend.swift */; };
		5AF262980B9D4BFF3021AF29 /* OnboardingView.swift in Sources */ = {isa = PBXBuildFile; fileRef = 6E61857A77B7F3150A249AF2 /* OnboardingView.swift */; };
		68BC034930CBEFC9CC1F8636 /* AgentMicroBridgeEngine.swift in Sources */ = {isa = PBXBuildFile; fileRef = D0C7C577A7FAE2FAEE462BA7 /* AgentMicroBridgeEngine.swift */; };
		6C1763A7F11BDCD903CCB4AB /* AppModel.swift in Sources */ = {isa = PBXBuildFile; fileRef = CAAF3FCE8B7AD6397DB6C33E /* AppModel.swift */; };
		6DF26F483E34D62162A97B0D /* AppLogStore.swift in Sources */ = {isa = PBXBuildFile; fileRef = F70A59CF9F16E36B31A83F4B /* AppLogStore.swift */; };
		7765404109226211B88C4F71 /* MenuBarController.swift in Sources */ = {isa = PBXBuildFile; fileRef = 4513D8E4440684B4767163A2 /* MenuBarController.swift */; };
		82BFA02E3F9878B82FDA7F9E /* PatchRuntime in Resources */ = {isa = PBXBuildFile; fileRef = 57959EEE74D19177EC843090 /* PatchRuntime */; };
		833AE7683EF218305AB66214 /* StatusVisuals.swift in Sources */ = {isa = PBXBuildFile; fileRef = D68FE3773B004575F02762AB /* StatusVisuals.swift */; };
		86CFE384A26374A7343C2735 /* PatchManager.swift in Sources */ = {isa = PBXBuildFile; fileRef = 4EA8E74669A1903AC9C4DE7E /* PatchManager.swift */; };
		932C6187C2552CFF782BA914 /* SettingsView.swift in Sources */ = {isa = PBXBuildFile; fileRef = 42741019558F44AC0940D4A3 /* SettingsView.swift */; };
		9476EE27CA903194EBBA556A /* Components.swift in Sources */ = {isa = PBXBuildFile; fileRef = 917175CC4AEB9418CFC6E8F0 /* Components.swift */; };
		D377DD4E5537BAC0786213CE /* AgentMicroMenuApplication.swift in Sources */ = {isa = PBXBuildFile; fileRef = 4FF971306566DC460A032AC5 /* AgentMicroMenuApplication.swift */; };
		E2EDEBFBBCB32D0EEBADF3BD /* main.swift in Sources */ = {isa = PBXBuildFile; fileRef = 002881655AD048E74EC8C43F /* main.swift */; };
/* End PBXBuildFile section */

/* Begin PBXFileReference section */
		002881655AD048E74EC8C43F /* main.swift */ = {isa = PBXFileReference; lastKnownFileType = sourcecode.swift; path = main.swift; sourceTree = "<group>"; };
		014BFF73CA6C942657877EA0 /* MenuPopoverView.swift */ = {isa = PBXFileReference; lastKnownFileType = sourcecode.swift; path = MenuPopoverView.swift; sourceTree = "<group>"; };
		28F122B79DFD86B9FCFD620F /* Assets.xcassets */ = {isa = PBXFileReference; lastKnownFileType = folder.assetcatalog; path = Assets.xcassets; sourceTree = "<group>"; };
		42741019558F44AC0940D4A3 /* SettingsView.swift */ = {isa = PBXFileReference; lastKnownFileType = sourcecode.swift; path = SettingsView.swift; sourceTree = "<group>"; };
		44581810F015F071C0CD029F /* AgentMicro.app */ = {isa = PBXFileReference; explicitFileType = wrapper.application; includeInIndex = 0; path = AgentMicro.app; sourceTree = BUILT_PRODUCTS_DIR; };
		4513D8E4440684B4767163A2 /* MenuBarController.swift */ = {isa = PBXFileReference; lastKnownFileType = sourcecode.swift; path = MenuBarController.swift; sourceTree = "<group>"; };
		4EA8E74669A1903AC9C4DE7E /* PatchManager.swift */ = {isa = PBXFileReference; lastKnownFileType = sourcecode.swift; path = PatchManager.swift; sourceTree = "<group>"; };
		4FF971306566DC460A032AC5 /* AgentMicroMenuApplication.swift */ = {isa = PBXFileReference; lastKnownFileType = sourcecode.swift; path = AgentMicroMenuApplication.swift; sourceTree = "<group>"; };
		57959EEE74D19177EC843090 /* PatchRuntime */ = {isa = PBXFileReference; lastKnownFileType = folder; name = PatchRuntime; path = Support/PatchRuntime; sourceTree = SOURCE_ROOT; };
		6E61857A77B7F3150A249AF2 /* OnboardingView.swift */ = {isa = PBXFileReference; lastKnownFileType = sourcecode.swift; path = OnboardingView.swift; sourceTree = "<group>"; };
		7A085D7212F237952EA32941 /* T3Backend.swift */ = {isa = PBXFileReference; lastKnownFileType = sourcecode.swift; path = T3Backend.swift; sourceTree = "<group>"; };
		7B6CBEE697B802B2C8088607 /* LegacyMigrationManager.swift */ = {isa = PBXFileReference; lastKnownFileType = sourcecode.swift; path = LegacyMigrationManager.swift; sourceTree = "<group>"; };
		917175CC4AEB9418CFC6E8F0 /* Components.swift */ = {isa = PBXFileReference; lastKnownFileType = sourcecode.swift; path = Components.swift; sourceTree = "<group>"; };
		CAAF3FCE8B7AD6397DB6C33E /* AppModel.swift */ = {isa = PBXFileReference; lastKnownFileType = sourcecode.swift; path = AppModel.swift; sourceTree = "<group>"; };
		D0C7C577A7FAE2FAEE462BA7 /* AgentMicroBridgeEngine.swift */ = {isa = PBXFileReference; lastKnownFileType = sourcecode.swift; path = AgentMicroBridgeEngine.swift; sourceTree = "<group>"; };
		D68FE3773B004575F02762AB /* StatusVisuals.swift */ = {isa = PBXFileReference; lastKnownFileType = sourcecode.swift; path = StatusVisuals.swift; sourceTree = "<group>"; };
		F212507127347C834AEDDC4F /* ConnectionRail.swift */ = {isa = PBXFileReference; lastKnownFileType = sourcecode.swift; path = ConnectionRail.swift; sourceTree = "<group>"; };
		F70A59CF9F16E36B31A83F4B /* AppLogStore.swift */ = {isa = PBXFileReference; lastKnownFileType = sourcecode.swift; path = AppLogStore.swift; sourceTree = "<group>"; };
/* End PBXFileReference section */

/* Begin PBXGroup section */
		1459E75451E7878E832684C2 /* tools */ = {
			isa = PBXGroup;
			children = (
				BE3FE797F9280BA9528B6DB4 /* AgentMicroBridge */,
			);
			path = tools;
			sourceTree = "<group>";
		};
		244C31949D85ADBD7383B0CA = {
			isa = PBXGroup;
			children = (
				BEF612A3C468C0F667E1374B /* AgentMicro */,
				D3AE91D7AAA8D6390DA8B89A /* Sources */,
				59C9CB8B8D8EA7525897B79D /* Support */,
				4C1D8E18308987600631F9AC /* Products */,
			);
			sourceTree = "<group>";
		};
		4C1D8E18308987600631F9AC /* Products */ = {
			isa = PBXGroup;
			children = (
				44581810F015F071C0CD029F /* AgentMicro.app */,
			);
			name = Products;
			sourceTree = "<group>";
		};
		5067B95C849730C9B10F3C0B /* UI */ = {
			isa = PBXGroup;
			children = (
				917175CC4AEB9418CFC6E8F0 /* Components.swift */,
				F212507127347C834AEDDC4F /* ConnectionRail.swift */,
				014BFF73CA6C942657877EA0 /* MenuPopoverView.swift */,
				6E61857A77B7F3150A249AF2 /* OnboardingView.swift */,
				42741019558F44AC0940D4A3 /* SettingsView.swift */,
				D68FE3773B004575F02762AB /* StatusVisuals.swift */,
			);
			path = UI;
			sourceTree = "<group>";
		};
		59C9CB8B8D8EA7525897B79D /* Support */ = {
			isa = PBXGroup;
			children = (
				28F122B79DFD86B9FCFD620F /* Assets.xcassets */,
				57959EEE74D19177EC843090 /* PatchRuntime */,
			);
			path = Support;
			sourceTree = "<group>";
		};
		BE3FE797F9280BA9528B6DB4 /* AgentMicroBridge */ = {
			isa = PBXGroup;
			children = (
				002881655AD048E74EC8C43F /* main.swift */,
				7A085D7212F237952EA32941 /* T3Backend.swift */,
			);
			path = AgentMicroBridge;
			sourceTree = "<group>";
		};
		BEF612A3C468C0F667E1374B /* AgentMicro */ = {
			isa = PBXGroup;
			children = (
				1459E75451E7878E832684C2 /* tools */,
			);
			name = AgentMicro;
			path = ../..;
			sourceTree = "<group>";
		};
		D3AE91D7AAA8D6390DA8B89A /* Sources */ = {
			isa = PBXGroup;
			children = (
				D0C7C577A7FAE2FAEE462BA7 /* AgentMicroBridgeEngine.swift */,
				4FF971306566DC460A032AC5 /* AgentMicroMenuApplication.swift */,
				F70A59CF9F16E36B31A83F4B /* AppLogStore.swift */,
				CAAF3FCE8B7AD6397DB6C33E /* AppModel.swift */,
				7B6CBEE697B802B2C8088607 /* LegacyMigrationManager.swift */,
				4513D8E4440684B4767163A2 /* MenuBarController.swift */,
				4EA8E74669A1903AC9C4DE7E /* PatchManager.swift */,
				5067B95C849730C9B10F3C0B /* UI */,
			);
			path = Sources;
			sourceTree = "<group>";
		};
/* End PBXGroup section */

/* Begin PBXNativeTarget section */
		204707A1EF183A5FF5CC5A01 /* AgentMicro */ = {
			isa = PBXNativeTarget;
			buildConfigurationList = C3F7C5B7155D45B9299F84FC /* Build configuration list for PBXNativeTarget "AgentMicro" */;
			buildPhases = (
				8919D2D0B60E2CE964028083 /* Sources */,
				6446B6D80CD4E36C738C68CE /* Resources */,
			);
			buildRules = (
			);
			dependencies = (
			);
			name = AgentMicro;
			packageProductDependencies = (
			);
			productName = AgentMicro;
			productReference = 44581810F015F071C0CD029F /* AgentMicro.app */;
			productType = "com.apple.product-type.application";
		};
/* End PBXNativeTarget section */

/* Begin PBXProject section */
		6A2A47E38AAEDA5F3670DF1D /* Project object */ = {
			isa = PBXProject;
			attributes = {
				BuildIndependentTargetsInParallel = YES;
				LastUpgradeCheck = 1430;
				TargetAttributes = {
					204707A1EF183A5FF5CC5A01 = {
						ProvisioningStyle = Manual;
					};
				};
			};
			buildConfigurationList = 0D3BAF090169379D180BC488 /* Build configuration list for PBXProject "AgentMicro" */;
			developmentRegion = en;
			hasScannedForEncodings = 0;
			knownRegions = (
				Base,
				en,
			);
			mainGroup = 244C31949D85ADBD7383B0CA;
			minimizedProjectReferenceProxies = 1;
			preferredProjectObjectVersion = 77;
			productRefGroup = 4C1D8E18308987600631F9AC /* Products */;
			projectDirPath = "";
			projectRoot = "";
			targets = (
				204707A1EF183A5FF5CC5A01 /* AgentMicro */,
			);
		};
/* End PBXProject section */

/* Begin PBXResourcesBuildPhase section */
		6446B6D80CD4E36C738C68CE /* Resources */ = {
			isa = PBXResourcesBuildPhase;
			buildActionMask = 2147483647;
			files = (
				2AA9DF0186A6FFA432C066A1 /* Assets.xcassets in Resources */,
				82BFA02E3F9878B82FDA7F9E /* PatchRuntime in Resources */,
			);
			runOnlyForDeploymentPostprocessing = 0;
		};
/* End PBXResourcesBuildPhase section */

/* Begin PBXSourcesBuildPhase section */
		8919D2D0B60E2CE964028083 /* Sources */ = {
			isa = PBXSourcesBuildPhase;
			buildActionMask = 2147483647;
			files = (
				68BC034930CBEFC9CC1F8636 /* AgentMicroBridgeEngine.swift in Sources */,
				D377DD4E5537BAC0786213CE /* AgentMicroMenuApplication.swift in Sources */,
				6DF26F483E34D62162A97B0D /* AppLogStore.swift in Sources */,
				6C1763A7F11BDCD903CCB4AB /* AppModel.swift in Sources */,
				9476EE27CA903194EBBA556A /* Components.swift in Sources */,
				07AAD8A0248D7078F9D279B8 /* ConnectionRail.swift in Sources */,
				4195FF7DF7A79637F0F62883 /* LegacyMigrationManager.swift in Sources */,
				7765404109226211B88C4F71 /* MenuBarController.swift in Sources */,
				3BA22575E38FC1DAE8DED8EB /* MenuPopoverView.swift in Sources */,
				5AF262980B9D4BFF3021AF29 /* OnboardingView.swift in Sources */,
				86CFE384A26374A7343C2735 /* PatchManager.swift in Sources */,
				932C6187C2552CFF782BA914 /* SettingsView.swift in Sources */,
				833AE7683EF218305AB66214 /* StatusVisuals.swift in Sources */,
				49A7A95E139B787E0C6AD170 /* T3Backend.swift in Sources */,
				E2EDEBFBBCB32D0EEBADF3BD /* main.swift in Sources */,
			);
			runOnlyForDeploymentPostprocessing = 0;
		};
/* End PBXSourcesBuildPhase section */

/* Begin XCBuildConfiguration section */
		263D07BC985E5A53B44265F7 /* Debug */ = {
			isa = XCBuildConfiguration;
			buildSettings = {
				ASSETCATALOG_COMPILER_APPICON_NAME = AppIcon;
				CODE_SIGN_ENTITLEMENTS = Support/AgentMicro.entitlements;
				COMBINE_HIDPI_IMAGES = YES;
				CURRENT_PROJECT_VERSION = 1;
				EXECUTABLE_NAME = AgentMicro;
				INFOPLIST_FILE = Support/Info.plist;
				LD_RUNPATH_SEARCH_PATHS = (
					"$(inherited)",
					"@executable_path/../Frameworks",
				);
				MACOSX_DEPLOYMENT_TARGET = 14.0;
				MARKETING_VERSION = 1.0.0;
				PRODUCT_BUNDLE_IDENTIFIER = io.github.thislev.codexmicro;
				PRODUCT_NAME = AgentMicro;
				SDKROOT = macosx;
			};
			name = Debug;
		};
		33CF1559096DC0C5E8B50527 /* Release */ = {
			isa = XCBuildConfiguration;
			buildSettings = {
				ASSETCATALOG_COMPILER_APPICON_NAME = AppIcon;
				CODE_SIGN_ENTITLEMENTS = Support/AgentMicro.entitlements;
				COMBINE_HIDPI_IMAGES = YES;
				CURRENT_PROJECT_VERSION = 1;
				EXECUTABLE_NAME = AgentMicro;
				INFOPLIST_FILE = Support/Info.plist;
				LD_RUNPATH_SEARCH_PATHS = (
					"$(inherited)",
					"@executable_path/../Frameworks",
				);
				MACOSX_DEPLOYMENT_TARGET = 14.0;
				MARKETING_VERSION = 1.0.0;
				PRODUCT_BUNDLE_IDENTIFIER = io.github.thislev.codexmicro;
				PRODUCT_NAME = AgentMicro;
				SDKROOT = macosx;
			};
			name = Release;
		};
		91EDD093AE3FBA96F0AE5C4F /* Debug */ = {
			isa = XCBuildConfiguration;
			buildSettings = {
				ALWAYS_SEARCH_USER_PATHS = NO;
				ARCHS = arm64;
				CLANG_ANALYZER_NONNULL = YES;
				CLANG_ANALYZER_NUMBER_OBJECT_CONVERSION = YES_AGGRESSIVE;
				CLANG_CXX_LANGUAGE_STANDARD = "gnu++14";
				CLANG_CXX_LIBRARY = "libc++";
				CLANG_ENABLE_MODULES = YES;
				CLANG_ENABLE_OBJC_ARC = YES;
				CLANG_ENABLE_OBJC_WEAK = YES;
				CLANG_WARN_BLOCK_CAPTURE_AUTORELEASING = YES;
				CLANG_WARN_BOOL_CONVERSION = YES;
				CLANG_WARN_COMMA = YES;
				CLANG_WARN_CONSTANT_CONVERSION = YES;
				CLANG_WARN_DEPRECATED_OBJC_IMPLEMENTATIONS = YES;
				CLANG_WARN_DIRECT_OBJC_ISA_USAGE = YES_ERROR;
				CLANG_WARN_DOCUMENTATION_COMMENTS = YES;
				CLANG_WARN_EMPTY_BODY = YES;
				CLANG_WARN_ENUM_CONVERSION = YES;
				CLANG_WARN_INFINITE_RECURSION = YES;
				CLANG_WARN_INT_CONVERSION = YES;
				CLANG_WARN_NON_LITERAL_NULL_CONVERSION = YES;
				CLANG_WARN_OBJC_IMPLICIT_RETAIN_SELF = YES;
				CLANG_WARN_OBJC_LITERAL_CONVERSION = YES;
				CLANG_WARN_OBJC_ROOT_CLASS = YES_ERROR;
				CLANG_WARN_QUOTED_INCLUDE_IN_FRAMEWORK_HEADER = YES;
				CLANG_WARN_RANGE_LOOP_ANALYSIS = YES;
				CLANG_WARN_STRICT_PROTOTYPES = YES;
				CLANG_WARN_SUSPICIOUS_MOVE = YES;
				CLANG_WARN_UNGUARDED_AVAILABILITY = YES_AGGRESSIVE;
				CLANG_WARN_UNREACHABLE_CODE = YES;
				CLANG_WARN__DUPLICATE_METHOD_MATCH = YES;
				CODE_SIGN_STYLE = Manual;
				COPY_PHASE_STRIP = NO;
				DEBUG_INFORMATION_FORMAT = dwarf;
				ENABLE_APP_SANDBOX = NO;
				ENABLE_HARDENED_RUNTIME = YES;
				ENABLE_STRICT_OBJC_MSGSEND = YES;
				ENABLE_TESTABILITY = YES;
				GCC_C_LANGUAGE_STANDARD = gnu11;
				GCC_DYNAMIC_NO_PIC = NO;
				GCC_NO_COMMON_BLOCKS = YES;
				GCC_OPTIMIZATION_LEVEL = 0;
				GCC_PREPROCESSOR_DEFINITIONS = (
					"$(inherited)",
					"DEBUG=1",
				);
				GCC_WARN_64_TO_32_BIT_CONVERSION = YES;
				GCC_WARN_ABOUT_RETURN_TYPE = YES_ERROR;
				GCC_WARN_UNDECLARED_SELECTOR = YES;
				GCC_WARN_UNINITIALIZED_AUTOS = YES_AGGRESSIVE;
				GCC_WARN_UNUSED_FUNCTION = YES;
				GCC_WARN_UNUSED_VARIABLE = YES;
				GENERATE_INFOPLIST_FILE = NO;
				MACOSX_DEPLOYMENT_TARGET = 14.0;
				MTL_ENABLE_DEBUG_INFO = INCLUDE_SOURCE;
				MTL_FAST_MATH = YES;
				ONLY_ACTIVE_ARCH = NO;
				PRODUCT_NAME = "$(TARGET_NAME)";
				SDKROOT = macosx;
				SWIFT_ACTIVE_COMPILATION_CONDITIONS = "$(inherited) AGENT_MICRO_MENU_APP";
				SWIFT_OPTIMIZATION_LEVEL = "-Onone";
				SWIFT_VERSION = 5.0;
			};
			name = Debug;
		};
		D62B35C7298F8778EAB6DB6A /* Release */ = {
			isa = XCBuildConfiguration;
			buildSettings = {
				ALWAYS_SEARCH_USER_PATHS = NO;
				ARCHS = arm64;
				CLANG_ANALYZER_NONNULL = YES;
				CLANG_ANALYZER_NUMBER_OBJECT_CONVERSION = YES_AGGRESSIVE;
				CLANG_CXX_LANGUAGE_STANDARD = "gnu++14";
				CLANG_CXX_LIBRARY = "libc++";
				CLANG_ENABLE_MODULES = YES;
				CLANG_ENABLE_OBJC_ARC = YES;
				CLANG_ENABLE_OBJC_WEAK = YES;
				CLANG_WARN_BLOCK_CAPTURE_AUTORELEASING = YES;
				CLANG_WARN_BOOL_CONVERSION = YES;
				CLANG_WARN_COMMA = YES;
				CLANG_WARN_CONSTANT_CONVERSION = YES;
				CLANG_WARN_DEPRECATED_OBJC_IMPLEMENTATIONS = YES;
				CLANG_WARN_DIRECT_OBJC_ISA_USAGE = YES_ERROR;
				CLANG_WARN_DOCUMENTATION_COMMENTS = YES;
				CLANG_WARN_EMPTY_BODY = YES;
				CLANG_WARN_ENUM_CONVERSION = YES;
				CLANG_WARN_INFINITE_RECURSION = YES;
				CLANG_WARN_INT_CONVERSION = YES;
				CLANG_WARN_NON_LITERAL_NULL_CONVERSION = YES;
				CLANG_WARN_OBJC_IMPLICIT_RETAIN_SELF = YES;
				CLANG_WARN_OBJC_LITERAL_CONVERSION = YES;
				CLANG_WARN_OBJC_ROOT_CLASS = YES_ERROR;
				CLANG_WARN_QUOTED_INCLUDE_IN_FRAMEWORK_HEADER = YES;
				CLANG_WARN_RANGE_LOOP_ANALYSIS = YES;
				CLANG_WARN_STRICT_PROTOTYPES = YES;
				CLANG_WARN_SUSPICIOUS_MOVE = YES;
				CLANG_WARN_UNGUARDED_AVAILABILITY = YES_AGGRESSIVE;
				CLANG_WARN_UNREACHABLE_CODE = YES;
				CLANG_WARN__DUPLICATE_METHOD_MATCH = YES;
				CODE_SIGN_STYLE = Manual;
				COPY_PHASE_STRIP = NO;
				DEBUG_INFORMATION_FORMAT = "dwarf-with-dsym";
				ENABLE_APP_SANDBOX = NO;
				ENABLE_HARDENED_RUNTIME = YES;
				ENABLE_NS_ASSERTIONS = NO;
				ENABLE_STRICT_OBJC_MSGSEND = YES;
				GCC_C_LANGUAGE_STANDARD = gnu11;
				GCC_NO_COMMON_BLOCKS = YES;
				GCC_WARN_64_TO_32_BIT_CONVERSION = YES;
				GCC_WARN_ABOUT_RETURN_TYPE = YES_ERROR;
				GCC_WARN_UNDECLARED_SELECTOR = YES;
				GCC_WARN_UNINITIALIZED_AUTOS = YES_AGGRESSIVE;
				GCC_WARN_UNUSED_FUNCTION = YES;
				GCC_WARN_UNUSED_VARIABLE = YES;
				GENERATE_INFOPLIST_FILE = NO;
				MACOSX_DEPLOYMENT_TARGET = 14.0;
				MTL_ENABLE_DEBUG_INFO = NO;
				MTL_FAST_MATH = YES;
				ONLY_ACTIVE_ARCH = NO;
				PRODUCT_NAME = "$(TARGET_NAME)";
				SDKROOT = macosx;
				SWIFT_ACTIVE_COMPILATION_CONDITIONS = "$(inherited) AGENT_MICRO_MENU_APP";
				SWIFT_COMPILATION_MODE = wholemodule;
				SWIFT_OPTIMIZATION_LEVEL = "-O";
				SWIFT_VERSION = 5.0;
			};
			name = Release;
		};
/* End XCBuildConfiguration section */

/* Begin XCConfigurationList section */
		0D3BAF090169379D180BC488 /* Build configuration list for PBXProject "AgentMicro" */ = {
			isa = XCConfigurationList;
			buildConfigurations = (
				91EDD093AE3FBA96F0AE5C4F /* Debug */,
				D62B35C7298F8778EAB6DB6A /* Release */,
			);
			defaultConfigurationIsVisible = 0;
			defaultConfigurationName = Debug;
		};
		C3F7C5B7155D45B9299F84FC /* Build configuration list for PBXNativeTarget "AgentMicro" */ = {
			isa = XCConfigurationList;
			buildConfigurations = (
				263D07BC985E5A53B44265F7 /* Debug */,
				33CF1559096DC0C5E8B50527 /* Release */,
			);
			defaultConfigurationIsVisible = 0;
			defaultConfigurationName = Debug;
		};
/* End XCConfigurationList section */
	};
	rootObject = 6A2A47E38AAEDA5F3670DF1D /* Project object */;
}
